
Microsoft Visual Studio Solution File, Format Version 12.00
# Visual Studio Version 17
VisualStudioVersion = 17.10.34916.146
MinimumVisualStudioVersion = 10.0.40219.1
Project("{9A19103F-16F7-4668-BE54-9A1E7A4F7556}") = "GraphQLDemoAPI", "GraphQLDemoAPI\GraphQLDemoAPI.csproj", "{F1D54015-2166-4A26-971F-C1F1D60FB6C6}"
EndProject
Global
	GlobalSection(SolutionConfigurationPlatforms) = preSolution
		Debug|Any CPU = Debug|Any CPU
		Release|Any CPU = Release|Any CPU
	EndGlobalSection
	GlobalSection(ProjectConfigurationPlatforms) = postSolution
		{F1D54015-2166-4A26-971F-C1F1D60FB6C6}.Debug|Any CPU.ActiveCfg = Debug|Any CPU
		{F1D54015-2166-4A26-971F-C1F1D60FB6C6}.Debug|Any CPU.Build.0 = Debug|Any CPU
		{F1D54015-2166-4A26-971F-C1F1D60FB6C6}.Release|Any CPU.ActiveCfg = Release|Any CPU
		{F1D54015-2166-4A26-971F-C1F1D60FB6C6}.Release|Any CPU.Build.0 = Release|Any CPU
	EndGlobalSection
	GlobalSection(SolutionProperties) = preSolution
		HideSolutionNode = FALSE
	EndGlobalSection
	GlobalSection(ExtensibilityGlobals) = postSolution
		SolutionGuid = {DD77AB69-A16F-47B6-A6DF-DA02477E8439}
	EndGlobalSection
EndGlobal
